
Microsoft Visual Studio Solution File, Format Version 12.00
# Visual Studio 14
VisualStudioVersion = 14.0.22823.1
MinimumVisualStudioVersion = 10.0.40219.1
Project("{FAE04EC0-301F-11D3-BF4B-00C04F79EFBC}") = "CF1.Interceptors", "CF1.Interceptors\CF1.Interceptors.csproj", "{2BA7A52F-7389-4592-943F-A015456D754F}"
EndProject
Project("{FAE04EC0-301F-11D3-BF4B-00C04F79EFBC}") = "CF1.Interceptors.Timing", "CF1.Interceptors.Timing\CF1.Interceptors.Timing.csproj", "{A8BB626B-06F3-46A8-B2A9-425EA6DDE78B}"
EndProject
Global
	GlobalSection(SolutionConfigurationPlatforms) = preSolution
		Debug|Any CPU = Debug|Any CPU
		Release|Any CPU = Release|Any CPU
	EndGlobalSection
	GlobalSection(ProjectConfigurationPlatforms) = postSolution
		{2BA7A52F-7389-4592-943F-A015456D754F}.Debug|Any CPU.ActiveCfg = Debug|Any CPU
		{2BA7A52F-7389-4592-943F-A015456D754F}.Debug|Any CPU.Build.0 = Debug|Any CPU
		{2BA7A52F-7389-4592-943F-A015456D754F}.Release|Any CPU.ActiveCfg = Release|Any CPU
		{2BA7A52F-7389-4592-943F-A015456D754F}.Release|Any CPU.Build.0 = Release|Any CPU
		{A8BB626B-06F3-46A8-B2A9-425EA6DDE78B}.Debug|Any CPU.ActiveCfg = Debug|Any CPU
		{A8BB626B-06F3-46A8-B2A9-425EA6DDE78B}.Debug|Any CPU.Build.0 = Debug|Any CPU
		{A8BB626B-06F3-46A8-B2A9-425EA6DDE78B}.Release|Any CPU.ActiveCfg = Release|Any CPU
		{A8BB626B-06F3-46A8-B2A9-425EA6DDE78B}.Release|Any CPU.Build.0 = Release|Any CPU
	EndGlobalSection
	GlobalSection(SolutionProperties) = preSolution
		HideSolutionNode = FALSE
	EndGlobalSection
EndGlobal
